
Microsoft Visual Studio Solution File, Format Version 12.00
# Visual Studio 14
VisualStudioVersion = 14.0.24720.0
MinimumVisualStudioVersion = 10.0.40219.1
Project("{FAE04EC0-301F-11D3-BF4B-00C04F79EFBC}") = "Traffic Light.Console", "Traffic Light\Traffic Light.Console.csproj", "{1816719C-1FAE-4B22-BDDB-70156164C842}"
EndProject
Project("{FAE04EC0-301F-11D3-BF4B-00C04F79EFBC}") = "Traffic Light.Model", "Module Traffic-Lights\Traffic Light.Model.csproj", "{05834FAA-38AD-4C00-8EE7-6C6B968BE1E4}"
EndProject
Project("{FAE04EC0-301F-11D3-BF4B-00C04F79EFBC}") = "Traffic Light.WPF", "Traffic-Lights WPF\Traffic Light.WPF.csproj", "{DC0B3F21-B8D0-40FD-88AC-9D89A89751FD}"
EndProject
Project("{FAE04EC0-301F-11D3-BF4B-00C04F79EFBC}") = "Traffic Light.WindowsForms", "Traffic-Lights_ WindowsForms\Traffic Light.WindowsForms.csproj", "{0C1B5725-C43E-4FBF-AB37-52AC3F5C7402}"
EndProject
Project("{FAE04EC0-301F-11D3-BF4B-00C04F79EFBC}") = "Traffic Light.ClassDiagram", "TrafficLights Class Diagram\Traffic Light.ClassDiagram.csproj", "{CD996CDF-8B8D-4143-920C-2B9B742E4B15}"
EndProject
Global
	GlobalSection(SolutionConfigurationPlatforms) = preSolution
		Debug|Any CPU = Debug|Any CPU
		Release|Any CPU = Release|Any CPU
	EndGlobalSection
	GlobalSection(ProjectConfigurationPlatforms) = postSolution
		{1816719C-1FAE-4B22-BDDB-70156164C842}.Debug|Any CPU.ActiveCfg = Debug|Any CPU
		{1816719C-1FAE-4B22-BDDB-70156164C842}.Debug|Any CPU.Build.0 = Debug|Any CPU
		{1816719C-1FAE-4B22-BDDB-70156164C842}.Release|Any CPU.ActiveCfg = Release|Any CPU
		{1816719C-1FAE-4B22-BDDB-70156164C842}.Release|Any CPU.Build.0 = Release|Any CPU
		{05834FAA-38AD-4C00-8EE7-6C6B968BE1E4}.Debug|Any CPU.ActiveCfg = Debug|Any CPU
		{05834FAA-38AD-4C00-8EE7-6C6B968BE1E4}.Debug|Any CPU.Build.0 = Debug|Any CPU
		{05834FAA-38AD-4C00-8EE7-6C6B968BE1E4}.Release|Any CPU.ActiveCfg = Release|Any CPU
		{05834FAA-38AD-4C00-8EE7-6C6B968BE1E4}.Release|Any CPU.Build.0 = Release|Any CPU
		{DC0B3F21-B8D0-40FD-88AC-9D89A89751FD}.Debug|Any CPU.ActiveCfg = Debug|Any CPU
		{DC0B3F21-B8D0-40FD-88AC-9D89A89751FD}.Debug|Any CPU.Build.0 = Debug|Any CPU
		{DC0B3F21-B8D0-40FD-88AC-9D89A89751FD}.Release|Any CPU.ActiveCfg = Release|Any CPU
		{DC0B3F21-B8D0-40FD-88AC-9D89A89751FD}.Release|Any CPU.Build.0 = Release|Any CPU
		{0C1B5725-C43E-4FBF-AB37-52AC3F5C7402}.Debug|Any CPU.ActiveCfg = Debug|Any CPU
		{0C1B5725-C43E-4FBF-AB37-52AC3F5C7402}.Debug|Any CPU.Build.0 = Debug|Any CPU
		{0C1B5725-C43E-4FBF-AB37-52AC3F5C7402}.Release|Any CPU.ActiveCfg = Release|Any CPU
		{0C1B5725-C43E-4FBF-AB37-52AC3F5C7402}.Release|Any CPU.Build.0 = Release|Any CPU
		{CD996CDF-8B8D-4143-920C-2B9B742E4B15}.Debug|Any CPU.ActiveCfg = Debug|Any CPU
		{CD996CDF-8B8D-4143-920C-2B9B742E4B15}.Debug|Any CPU.Build.0 = Debug|Any CPU
		{CD996CDF-8B8D-4143-920C-2B9B742E4B15}.Release|Any CPU.ActiveCfg = Release|Any CPU
		{CD996CDF-8B8D-4143-920C-2B9B742E4B15}.Release|Any CPU.Build.0 = Release|Any CPU
	EndGlobalSection
	GlobalSection(SolutionProperties) = preSolution
		HideSolutionNode = FALSE
	EndGlobalSection
EndGlobal
